{
  "requires": true,
  "lockfileVersion": 1,
  "dependencies": {
    "chartjs-plugin-trendline": {
      "version": "0.1.3",
      "resolved": "https://registry.npmjs.org/chartjs-plugin-trendline/-/chartjs-plugin-trendline-0.1.3.tgz",
      "integrity": "sha512-ovnzNlJN8cw+Vv6F3fytMQJqZLsw9EbmzHmQBVhD6R0wuM0u0Kj++L2db2rH5t0U2aB6zMz3wsPzZyWjAlWGGw=="
    }
  }
}
